
Microsoft Visual Studio Solution File, Format Version 12.00
# Visual Studio 15
VisualStudioVersion = 15.0.27703.2042
MinimumVisualStudioVersion = 10.0.40219.1
Project("{FAE04EC0-301F-11D3-BF4B-00C04F79EFBC}") = "HelloMVCWebApp", "HelloMVCWebApp\HelloMVCWebApp.csproj", "{6B51E439-8D93-4AB0-8C39-CDF9772B284E}"
EndProject
Project("{FAE04EC0-301F-11D3-BF4B-00C04F79EFBC}") = "HelloMVCWebApp.Tests", "HelloMVCWebApp.Tests\HelloMVCWebApp.Tests.csproj", "{A913B493-DF7C-40C5-A62D-58D67E221442}"
EndProject
Global
	GlobalSection(SolutionConfigurationPlatforms) = preSolution
		Debug|Any CPU = Debug|Any CPU
		Release|Any CPU = Release|Any CPU
	EndGlobalSection
	GlobalSection(ProjectConfigurationPlatforms) = postSolution
		{6B51E439-8D93-4AB0-8C39-CDF9772B284E}.Debug|Any CPU.ActiveCfg = Debug|Any CPU
		{6B51E439-8D93-4AB0-8C39-CDF9772B284E}.Debug|Any CPU.Build.0 = Debug|Any CPU
		{6B51E439-8D93-4AB0-8C39-CDF9772B284E}.Release|Any CPU.ActiveCfg = Release|Any CPU
		{6B51E439-8D93-4AB0-8C39-CDF9772B284E}.Release|Any CPU.Build.0 = Release|Any CPU
		{A913B493-DF7C-40C5-A62D-58D67E221442}.Debug|Any CPU.ActiveCfg = Debug|Any CPU
		{A913B493-DF7C-40C5-A62D-58D67E221442}.Debug|Any CPU.Build.0 = Debug|Any CPU
		{A913B493-DF7C-40C5-A62D-58D67E221442}.Release|Any CPU.ActiveCfg = Release|Any CPU
		{A913B493-DF7C-40C5-A62D-58D67E221442}.Release|Any CPU.Build.0 = Release|Any CPU
	EndGlobalSection
	GlobalSection(SolutionProperties) = preSolution
		HideSolutionNode = FALSE
	EndGlobalSection
	GlobalSection(ExtensibilityGlobals) = postSolution
		SolutionGuid = {698466D8-E1D3-4D90-9271-2AC855F4FD5D}
	EndGlobalSection
EndGlobal
